
Microsoft Visual Studio Solution File, Format Version 12.00
# Visual Studio Version 16
VisualStudioVersion = 16.0.31702.278
MinimumVisualStudioVersion = 10.0.40219.1
Project("{8BC9CEB8-8B4A-11D0-8D11-00A0C91BC942}") = "LRUCacheAlgorithm", "LRUCacheAlgorithm\LRUCacheAlgorithm.vcxproj", "{C0C9899A-F22B-4266-B522-0F97E90A8592}"
EndProject
Project("{8BC9CEB8-8B4A-11D0-8D11-00A0C91BC942}") = "OjbectPool", "OjbectPool\OjbectPool.vcxproj", "{433BBC95-0588-4A4A-BCF0-C2028EEBF56A}"
EndProject
Project("{8BC9CEB8-8B4A-11D0-8D11-00A0C91BC942}") = "CreateProcess", "CreateProcess\CreateProcess.vcxproj", "{782A9A4B-30EF-4D7E-8694-B4DD47DF831F}"
EndProject
Project("{8BC9CEB8-8B4A-11D0-8D11-00A0C91BC942}") = "SnapshotandViewingProcesses", "SnapshotandViewingProcesses\SnapshotandViewingProcesses.vcxproj", "{313171CF-A024-42B5-B60C-BEFF654024DD}"
EndProject
Global
	GlobalSection(SolutionConfigurationPlatforms) = preSolution
		Debug|x64 = Debug|x64
		Debug|x86 = Debug|x86
		Release|x64 = Release|x64
		Release|x86 = Release|x86
	EndGlobalSection
	GlobalSection(ProjectConfigurationPlatforms) = postSolution
		{C0C9899A-F22B-4266-B522-0F97E90A8592}.Debug|x64.ActiveCfg = Debug|x64
		{C0C9899A-F22B-4266-B522-0F97E90A8592}.Debug|x64.Build.0 = Debug|x64
		{C0C9899A-F22B-4266-B522-0F97E90A8592}.Debug|x86.ActiveCfg = Debug|Win32
		{C0C9899A-F22B-4266-B522-0F97E90A8592}.Debug|x86.Build.0 = Debug|Win32
		{C0C9899A-F22B-4266-B522-0F97E90A8592}.Release|x64.ActiveCfg = Release|x64
		{C0C9899A-F22B-4266-B522-0F97E90A8592}.Release|x64.Build.0 = Release|x64
		{C0C9899A-F22B-4266-B522-0F97E90A8592}.Release|x86.ActiveCfg = Release|Win32
		{C0C9899A-F22B-4266-B522-0F97E90A8592}.Release|x86.Build.0 = Release|Win32
		{433BBC95-0588-4A4A-BCF0-C2028EEBF56A}.Debug|x64.ActiveCfg = Debug|x64
		{433BBC95-0588-4A4A-BCF0-C2028EEBF56A}.Debug|x64.Build.0 = Debug|x64
		{433BBC95-0588-4A4A-BCF0-C2028EEBF56A}.Debug|x86.ActiveCfg = Debug|Win32
		{433BBC95-0588-4A4A-BCF0-C2028EEBF56A}.Debug|x86.Build.0 = Debug|Win32
		{433BBC95-0588-4A4A-BCF0-C2028EEBF56A}.Release|x64.ActiveCfg = Release|x64
		{433BBC95-0588-4A4A-BCF0-C2028EEBF56A}.Release|x64.Build.0 = Release|x64
		{433BBC95-0588-4A4A-BCF0-C2028EEBF56A}.Release|x86.ActiveCfg = Release|Win32
		{433BBC95-0588-4A4A-BCF0-C2028EEBF56A}.Release|x86.Build.0 = Release|Win32
		{782A9A4B-30EF-4D7E-8694-B4DD47DF831F}.Debug|x64.ActiveCfg = Debug|x64
		{782A9A4B-30EF-4D7E-8694-B4DD47DF831F}.Debug|x64.Build.0 = Debug|x64
		{782A9A4B-30EF-4D7E-8694-B4DD47DF831F}.Debug|x86.ActiveCfg = Debug|Win32
		{782A9A4B-30EF-4D7E-8694-B4DD47DF831F}.Debug|x86.Build.0 = Debug|Win32
		{782A9A4B-30EF-4D7E-8694-B4DD47DF831F}.Release|x64.ActiveCfg = Release|x64
		{782A9A4B-30EF-4D7E-8694-B4DD47DF831F}.Release|x64.Build.0 = Release|x64
		{782A9A4B-30EF-4D7E-8694-B4DD47DF831F}.Release|x86.ActiveCfg = Release|Win32
		{782A9A4B-30EF-4D7E-8694-B4DD47DF831F}.Release|x86.Build.0 = Release|Win32
		{313171CF-A024-42B5-B60C-BEFF654024DD}.Debug|x64.ActiveCfg = Debug|x64
		{313171CF-A024-42B5-B60C-BEFF654024DD}.Debug|x64.Build.0 = Debug|x64
		{313171CF-A024-42B5-B60C-BEFF654024DD}.Debug|x86.ActiveCfg = Debug|Win32
		{313171CF-A024-42B5-B60C-BEFF654024DD}.Debug|x86.Build.0 = Debug|Win32
		{313171CF-A024-42B5-B60C-BEFF654024DD}.Release|x64.ActiveCfg = Release|x64
		{313171CF-A024-42B5-B60C-BEFF654024DD}.Release|x64.Build.0 = Release|x64
		{313171CF-A024-42B5-B60C-BEFF654024DD}.Release|x86.ActiveCfg = Release|Win32
		{313171CF-A024-42B5-B60C-BEFF654024DD}.Release|x86.Build.0 = Release|Win32
	EndGlobalSection
	GlobalSection(SolutionProperties) = preSolution
		HideSolutionNode = FALSE
	EndGlobalSection
	GlobalSection(ExtensibilityGlobals) = postSolution
		SolutionGuid = {E8423BBF-64E0-4E4B-BF92-66F4C8A845C7}
	EndGlobalSection
EndGlobal
